dependencies:
- name: postgresql
  repository: https://charts.bitnami.com/bitnami
  version: 18.0.8
- name: dagger-helm
  repository: oci://registry.dagger.io
  version: 0.21.5
digest: sha256:769f6e7d8779438c271a74553cd445c81dd96c6b93eeefc0511c8c6ac21fed7f
generated: "2026-06-20T07:56:11.584559+02:00"
